// !$*UTF8*$!
{
	archiveVersion = 1;
	classes = {
	};
	objectVersion = 55;
	objects = {

/* Begin PBXBuildFile section */
		34EB32EF4DA52F259F98F2D5 /* Pods_TrainingApp.framework in Frameworks */ = {isa = PBXBuildFile; fileRef = 18E17DDB2A8C221BDF782BFC /* Pods_TrainingApp.framework */; };
		E9BB371D276B3AD1001CA59A /* AppDelegate.swift in Sources */ = {isa = PBXBuildFile; fileRef = E9BB371C276B3AD1001CA59A /* AppDelegate.swift */; };
		E9BB371F276B3AD1001CA59A /* SceneDelegate.swift in Sources */ = {isa = PBXBuildFile; fileRef = E9BB371E276B3AD1001CA59A /* SceneDelegate.swift */; };
		E9BB3726276B3AD6001CA59A /* Assets.xcassets in Resources */ = {isa = PBXBuildFile; fileRef = E9BB3725276B3AD6001CA59A /* Assets.xcassets */; };
		E9BB3735276B5023001CA59A /* LaunchScreen.storyboard in Resources */ = {isa = PBXBuildFile; fileRef = E9BB3734276B5023001CA59A /* LaunchScreen.storyboard */; };
		E9BB373B276B5451001CA59A /* TabBarController.swift in Sources */ = {isa = PBXBuildFile; fileRef = E9BB3739276B5451001CA59A /* TabBarController.swift */; };
		E9BB373C276B5451001CA59A /* Main.storyboard in Resources */ = {isa = PBXBuildFile; fileRef = E9BB373A276B5451001CA59A /* Main.storyboard */; };
		E9BB3740276B54A0001CA59A /* CategoriesViewController.swift in Sources */ = {isa = PBXBuildFile; fileRef = E9BB373E276B54A0001CA59A /* CategoriesViewController.swift */; };
		E9BB3741276B54A0001CA59A /* CategoriesViewController.xib in Resources */ = {isa = PBXBuildFile; fileRef = E9BB373F276B54A0001CA59A /* CategoriesViewController.xib */; };
		E9BB3744276B551B001CA59A /* TestViewController.swift in Sources */ = {isa = PBXBuildFile; fileRef = E9BB3743276B551B001CA59A /* TestViewController.swift */; };
		E9BB374A276B557A001CA59A /* CustomFonts.swift in Sources */ = {isa = PBXBuildFile; fileRef = E9BB3748276B557A001CA59A /* CustomFonts.swift */; };
		E9BB374B276B557A001CA59A /* Officinasansextraboldscc.otf in Resources */ = {isa = PBXBuildFile; fileRef = E9BB3749276B557A001CA59A /* Officinasansextraboldscc.otf */; };
		E9BB374D276B5590001CA59A /* Images.swift in Sources */ = {isa = PBXBuildFile; fileRef = E9BB374C276B5590001CA59A /* Images.swift */; };
		E9BB374F276B5598001CA59A /* CustomColors.swift in Sources */ = {isa = PBXBuildFile; fileRef = E9BB374E276B5598001CA59A /* CustomColors.swift */; };
		E9BB3752276B5632001CA59A /* TabBar.swift in Sources */ = {isa = PBXBuildFile; fileRef = E9BB3751276B5632001CA59A /* TabBar.swift */; };
		E9BB3757276B5697001CA59A /* CategoriesCell.swift in Sources */ = {isa = PBXBuildFile; fileRef = E9BB3755276B5697001CA59A /* CategoriesCell.swift */; };
		E9BB3758276B5697001CA59A /* CategoriesCell.xib in Resources */ = {isa = PBXBuildFile; fileRef = E9BB3756276B5697001CA59A /* CategoriesCell.xib */; };
		E9BB375F276B6AAC001CA59A /* categories.json in Resources */ = {isa = PBXBuildFile; fileRef = E9BB375D276B6AAC001CA59A /* categories.json */; };
		E9BB3760276B6AAC001CA59A /* events.json in Resources */ = {isa = PBXBuildFile; fileRef = E9BB375E276B6AAC001CA59A /* events.json */; };
		E9BB3764276B6C38001CA59A /* EventsData.swift in Sources */ = {isa = PBXBuildFile; fileRef = E9BB3762276B6C38001CA59A /* EventsData.swift */; };
		E9BB3765276B6C38001CA59A /* CategoriesData.swift in Sources */ = {isa = PBXBuildFile; fileRef = E9BB3763276B6C38001CA59A /* CategoriesData.swift */; };
		E9BB376B276B6D99001CA59A /* DataFromFile.swift in Sources */ = {isa = PBXBuildFile; fileRef = E9BB3769276B6D99001CA59A /* DataFromFile.swift */; };
		E9BB376C276B6D99001CA59A /* ReadJSONFromFile.swift in Sources */ = {isa = PBXBuildFile; fileRef = E9BB376A276B6D99001CA59A /* ReadJSONFromFile.swift */; };
		E9BB3770276B6E76001CA59A /* CharityEventViewController.swift in Sources */ = {isa = PBXBuildFile; fileRef = E9BB376E276B6E75001CA59A /* CharityEventViewController.swift */; };
		E9BB3771276B6E76001CA59A /* CharityEventViewController.xib in Resources */ = {isa = PBXBuildFile; fileRef = E9BB376F276B6E76001CA59A /* CharityEventViewController.xib */; };
		E9BB3775276B6EA0001CA59A /* EventDetailsViewController.swift in Sources */ = {isa = PBXBuildFile; fileRef = E9BB3773276B6EA0001CA59A /* EventDetailsViewController.swift */; };
		E9BB3776276B6EA0001CA59A /* EventDetailsViewController.xib in Resources */ = {isa = PBXBuildFile; fileRef = E9BB3774276B6EA0001CA59A /* EventDetailsViewController.xib */; };
/* End PBXBuildFile section */

/* Begin PBXFileReference section */
		18E17DDB2A8C221BDF782BFC /* Pods_TrainingApp.framework */ = {isa = PBXFileReference; explicitFileType = wrapper.framework; includeInIndex = 0; path = Pods_TrainingApp.framework; sourceTree = BUILT_PRODUCTS_DIR; };
		7CBBE7C3D85099E00FC20ECC /* Pods-TrainingApp.release.xcconfig */ = {isa = PBXFileReference; includeInIndex = 1; lastKnownFileType = text.xcconfig; name = "Pods-TrainingApp.release.xcconfig"; path = "Target Support Files/Pods-TrainingApp/Pods-TrainingApp.release.xcconfig"; sourceTree = "<group>"; };
		9E4B825E94B75E893168786C /* Pods-TrainingApp.debug.xcconfig */ = {isa = PBXFileReference; includeInIndex = 1; lastKnownFileType = text.xcconfig; name = "Pods-TrainingApp.debug.xcconfig"; path = "Target Support Files/Pods-TrainingApp/Pods-TrainingApp.debug.xcconfig"; sourceTree = "<group>"; };
		E9BB3719276B3AD1001CA59A /* TrainingApp.app */ = {isa = PBXFileReference; explicitFileType = wrapper.application; includeInIndex = 0; path = TrainingApp.app; sourceTree = BUILT_PRODUCTS_DIR; };
		E9BB371C276B3AD1001CA59A /* AppDelegate.swift */ = {isa = PBXFileReference; lastKnownFileType = sourcecode.swift; path = AppDelegate.swift; sourceTree = "<group>"; };
		E9BB371E276B3AD1001CA59A /* SceneDelegate.swift */ = {isa = PBXFileReference; lastKnownFileType = sourcecode.swift; path = SceneDelegate.swift; sourceTree = "<group>"; };
		E9BB3725276B3AD6001CA59A /* Assets.xcassets */ = {isa = PBXFileReference; lastKnownFileType = folder.assetcatalog; path = Assets.xcassets; sourceTree = "<group>"; };
		E9BB372A276B3AD6001CA59A /* Info.plist */ = {isa = PBXFileReference; lastKnownFileType = text.plist.xml; path = Info.plist; sourceTree = "<group>"; };
		E9BB3734276B5023001CA59A /* LaunchScreen.storyboard */ = {isa = PBXFileReference; fileEncoding = 4; lastKnownFileType = file.storyboard; path = LaunchScreen.storyboard; sourceTree = "<group>"; };
		E9BB3739276B5451001CA59A /* TabBarController.swift */ = {isa = PBXFileReference; fileEncoding = 4; lastKnownFileType = sourcecode.swift; path = TabBarController.swift; sourceTree = "<group>"; };
		E9BB373A276B5451001CA59A /* Main.storyboard */ = {isa = PBXFileReference; fileEncoding = 4; lastKnownFileType = file.storyboard; path = Main.storyboard; sourceTree = "<group>"; };
		E9BB373E276B54A0001CA59A /* CategoriesViewController.swift */ = {isa = PBXFileReference; fileEncoding = 4; lastKnownFileType = sourcecode.swift; path = CategoriesViewController.swift; sourceTree = "<group>"; };
		E9BB373F276B54A0001CA59A /* CategoriesViewController.xib */ = {isa = PBXFileReference; fileEncoding = 4; lastKnownFileType = file.xib; path = CategoriesViewController.xib; sourceTree = "<group>"; };
		E9BB3743276B551B001CA59A /* TestViewController.swift */ = {isa = PBXFileReference; fileEncoding = 4; lastKnownFileType = sourcecode.swift; path = TestViewController.swift; sourceTree = "<group>"; };
		E9BB3748276B557A001CA59A /* CustomFonts.swift */ = {isa = PBXFileReference; fileEncoding = 4; lastKnownFileType = sourcecode.swift; path = CustomFonts.swift; sourceTree = "<group>"; };
		E9BB3749276B557A001CA59A /* Officinasansextraboldscc.otf */ = {isa = PBXFileReference; lastKnownFileType = file; path = Officinasansextraboldscc.otf; sourceTree = "<group>"; };
		E9BB374C276B5590001CA59A /* Images.swift */ = {isa = PBXFileReference; fileEncoding = 4; lastKnownFileType = sourcecode.swift; path = Images.swift; sourceTree = "<group>"; };
		E9BB374E276B5598001CA59A /* CustomColors.swift */ = {isa = PBXFileReference; fileEncoding = 4; lastKnownFileType = sourcecode.swift; path = CustomColors.swift; sourceTree = "<group>"; };
		E9BB3751276B5632001CA59A /* TabBar.swift */ = {isa = PBXFileReference; fileEncoding = 4; lastKnownFileType = sourcecode.swift; path = TabBar.swift; sourceTree = "<group>"; };
		E9BB3755276B5697001CA59A /* CategoriesCell.swift */ = {isa = PBXFileReference; fileEncoding = 4; lastKnownFileType = sourcecode.swift; path = CategoriesCell.swift; sourceTree = "<group>"; };
		E9BB3756276B5697001CA59A /* CategoriesCell.xib */ = {isa = PBXFileReference; fileEncoding = 4; lastKnownFileType = file.xib; path = CategoriesCell.xib; sourceTree = "<group>"; };
		E9BB375D276B6AAC001CA59A /* categories.json */ = {isa = PBXFileReference; fileEncoding = 4; lastKnownFileType = text.json; path = categories.json; sourceTree = "<group>"; };
		E9BB375E276B6AAC001CA59A /* events.json */ = {isa = PBXFileReference; fileEncoding = 4; lastKnownFileType = text.json; path = events.json; sourceTree = "<group>"; };
		E9BB3762276B6C38001CA59A /* EventsData.swift */ = {isa = PBXFileReference; fileEncoding = 4; lastKnownFileType = sourcecode.swift; path = EventsData.swift; sourceTree = "<group>"; };
		E9BB3763276B6C38001CA59A /* CategoriesData.swift */ = {isa = PBXFileReference; fileEncoding = 4; lastKnownFileType = sourcecode.swift; path = CategoriesData.swift; sourceTree = "<group>"; };
		E9BB3769276B6D99001CA59A /* DataFromFile.swift */ = {isa = PBXFileReference; fileEncoding = 4; lastKnownFileType = sourcecode.swift; path = DataFromFile.swift; sourceTree = "<group>"; };
		E9BB376A276B6D99001CA59A /* ReadJSONFromFile.swift */ = {isa = PBXFileReference; fileEncoding = 4; lastKnownFileType = sourcecode.swift; path = ReadJSONFromFile.swift; sourceTree = "<group>"; };
		E9BB376E276B6E75001CA59A /* CharityEventViewController.swift */ = {isa = PBXFileReference; fileEncoding = 4; lastKnownFileType = sourcecode.swift; path = CharityEventViewController.swift; sourceTree = "<group>"; };
		E9BB376F276B6E76001CA59A /* CharityEventViewController.xib */ = {isa = PBXFileReference; fileEncoding = 4; lastKnownFileType = file.xib; path = CharityEventViewController.xib; sourceTree = "<group>"; };
		E9BB3773276B6EA0001CA59A /* EventDetailsViewController.swift */ = {isa = PBXFileReference; fileEncoding = 4; lastKnownFileType = sourcecode.swift; path = EventDetailsViewController.swift; sourceTree = "<group>"; };
		E9BB3774276B6EA0001CA59A /* EventDetailsViewController.xib */ = {isa = PBXFileReference; fileEncoding = 4; lastKnownFileType = file.xib; path = EventDetailsViewController.xib; sourceTree = "<group>"; };
/* End PBXFileReference section */

/* Begin PBXFrameworksBuildPhase section */
		E9BB3716276B3AD1001CA59A /* Frameworks */ = {
			isa = PBXFrameworksBuildPhase;
			buildActionMask = 2147483647;
			files = (
				34EB32EF4DA52F259F98F2D5 /* Pods_TrainingApp.framework in Frameworks */,
			);
			runOnlyForDeploymentPostprocessing = 0;
		};
/* End PBXFrameworksBuildPhase section */

/* Begin PBXGroup section */
		68958DFD26A97D0EBFC1B6F3 /* Pods */ = {
			isa = PBXGroup;
			children = (
				9E4B825E94B75E893168786C /* Pods-TrainingApp.debug.xcconfig */,
				7CBBE7C3D85099E00FC20ECC /* Pods-TrainingApp.release.xcconfig */,
			);
			path = Pods;
			sourceTree = "<group>";
		};
		7CAA97792BE3762F7E2C2643 /* Frameworks */ = {
			isa = PBXGroup;
			children = (
				18E17DDB2A8C221BDF782BFC /* Pods_TrainingApp.framework */,
			);
			name = Frameworks;
			sourceTree = "<group>";
		};
		E9BB3710276B3AD1001CA59A = {
			isa = PBXGroup;
			children = (
				E9BB371B276B3AD1001CA59A /* TrainingApp */,
				E9BB371A276B3AD1001CA59A /* Products */,
				68958DFD26A97D0EBFC1B6F3 /* Pods */,
				7CAA97792BE3762F7E2C2643 /* Frameworks */,
			);
			sourceTree = "<group>";
		};
		E9BB371A276B3AD1001CA59A /* Products */ = {
			isa = PBXGroup;
			children = (
				E9BB3719276B3AD1001CA59A /* TrainingApp.app */,
			);
			name = Products;
			sourceTree = "<group>";
		};
		E9BB371B276B3AD1001CA59A /* TrainingApp */ = {
			isa = PBXGroup;
			children = (
				E9BB3730276B4D11001CA59A /* Application */,
				E9BB3731276B4D36001CA59A /* Core */,
				E9BB3732276B4D4C001CA59A /* Scenes */,
			);
			path = TrainingApp;
			sourceTree = "<group>";
		};
		E9BB3730276B4D11001CA59A /* Application */ = {
			isa = PBXGroup;
			children = (
				E9BB3733276B4E8C001CA59A /* Resources */,
				E9BB371C276B3AD1001CA59A /* AppDelegate.swift */,
				E9BB371E276B3AD1001CA59A /* SceneDelegate.swift */,
				E9BB372A276B3AD6001CA59A /* Info.plist */,
				E9BB3734276B5023001CA59A /* LaunchScreen.storyboard */,
			);
			path = Application;
			sourceTree = "<group>";
		};
		E9BB3731276B4D36001CA59A /* Core */ = {
			isa = PBXGroup;
			children = (
				E9BB3766276B6D4A001CA59A /* Common */,
				E9BB3768276B6D86001CA59A /* Services */,
			);
			path = Core;
			sourceTree = "<group>";
		};
		E9BB3732276B4D4C001CA59A /* Scenes */ = {
			isa = PBXGroup;
			children = (
				E9BB3738276B543A001CA59A /* TabBar */,
				E9BB373D276B547D001CA59A /* Categories */,
				E9BB3772276B6E7B001CA59A /* EventDetails */,
				E9BB376D276B6E64001CA59A /* CharityEvent */,
				E9BB3742276B5505001CA59A /* TestViewController */,
			);
			path = Scenes;
			sourceTree = "<group>";
		};
		E9BB3733276B4E8C001CA59A /* Resources */ = {
			isa = PBXGroup;
			children = (
				E9BB3747276B5564001CA59A /* Colors */,
				E9BB3746276B5550001CA59A /* Images */,
				E9BB3745276B554A001CA59A /* Fonts */,
				E9BB375C276B6A51001CA59A /* JsonFiles */,
				E9BB3725276B3AD6001CA59A /* Assets.xcassets */,
			);
			path = Resources;
			sourceTree = "<group>";
		};
		E9BB3738276B543A001CA59A /* TabBar */ = {
			isa = PBXGroup;
			children = (
				E9BB3739276B5451001CA59A /* TabBarController.swift */,
				E9BB373A276B5451001CA59A /* Main.storyboard */,
			);
			path = TabBar;
			sourceTree = "<group>";
		};
		E9BB373D276B547D001CA59A /* Categories */ = {
			isa = PBXGroup;
			children = (
				E9BB373E276B54A0001CA59A /* CategoriesViewController.swift */,
				E9BB373F276B54A0001CA59A /* CategoriesViewController.xib */,
			);
			path = Categories;
			sourceTree = "<group>";
		};
		E9BB3742276B5505001CA59A /* TestViewController */ = {
			isa = PBXGroup;
			children = (
				E9BB3743276B551B001CA59A /* TestViewController.swift */,
			);
			path = TestViewController;
			sourceTree = "<group>";
		};
		E9BB3745276B554A001CA59A /* Fonts */ = {
			isa = PBXGroup;
			children = (
				E9BB3748276B557A001CA59A /* CustomFonts.swift */,
				E9BB3749276B557A001CA59A /* Officinasansextraboldscc.otf */,
			);
			path = Fonts;
			sourceTree = "<group>";
		};
		E9BB3746276B5550001CA59A /* Images */ = {
			isa = PBXGroup;
			children = (
				E9BB374C276B5590001CA59A /* Images.swift */,
			);
			path = Images;
			sourceTree = "<group>";
		};
		E9BB3747276B5564001CA59A /* Colors */ = {
			isa = PBXGroup;
			children = (
				E9BB374E276B5598001CA59A /* CustomColors.swift */,
			);
			path = Colors;
			sourceTree = "<group>";
		};
		E9BB3750276B5627001CA59A /* CustomViews */ = {
			isa = PBXGroup;
			children = (
				E9BB3751276B5632001CA59A /* TabBar.swift */,
			);
			path = CustomViews;
			sourceTree = "<group>";
		};
		E9BB3753276B5664001CA59A /* Cells */ = {
			isa = PBXGroup;
			children = (
				E9BB3754276B566D001CA59A /* CategoriesCell */,
			);
			path = Cells;
			sourceTree = "<group>";
		};
		E9BB3754276B566D001CA59A /* CategoriesCell */ = {
			isa = PBXGroup;
			children = (
				E9BB3755276B5697001CA59A /* CategoriesCell.swift */,
				E9BB3756276B5697001CA59A /* CategoriesCell.xib */,
			);
			path = CategoriesCell;
			sourceTree = "<group>";
		};
		E9BB375C276B6A51001CA59A /* JsonFiles */ = {
			isa = PBXGroup;
			children = (
				E9BB375D276B6AAC001CA59A /* categories.json */,
				E9BB375E276B6AAC001CA59A /* events.json */,
			);
			path = JsonFiles;
			sourceTree = "<group>";
		};
		E9BB3761276B6C17001CA59A /* Models */ = {
			isa = PBXGroup;
			children = (
				E9BB3763276B6C38001CA59A /* CategoriesData.swift */,
				E9BB3762276B6C38001CA59A /* EventsData.swift */,
			);
			path = Models;
			sourceTree = "<group>";
		};
		E9BB3766276B6D4A001CA59A /* Common */ = {
			isa = PBXGroup;
			children = (
				E9BB3767276B6D79001CA59A /* New Group */,
				E9BB3761276B6C17001CA59A /* Models */,
				E9BB3750276B5627001CA59A /* CustomViews */,
				E9BB3753276B5664001CA59A /* Cells */,
			);
			path = Common;
			sourceTree = "<group>";
		};
		E9BB3767276B6D79001CA59A /* New Group */ = {
			isa = PBXGroup;
			children = (
			);
			path = "New Group";
			sourceTree = "<group>";
		};
		E9BB3768276B6D86001CA59A /* Services */ = {
			isa = PBXGroup;
			children = (
				E9BB3769276B6D99001CA59A /* DataFromFile.swift */,
				E9BB376A276B6D99001CA59A /* ReadJSONFromFile.swift */,
			);
			path = Services;
			sourceTree = "<group>";
		};
		E9BB376D276B6E64001CA59A /* CharityEvent */ = {
			isa = PBXGroup;
			children = (
				E9BB376E276B6E75001CA59A /* CharityEventViewController.swift */,
				E9BB376F276B6E76001CA59A /* CharityEventViewController.xib */,
			);
			path = CharityEvent;
			sourceTree = "<group>";
		};
		E9BB3772276B6E7B001CA59A /* EventDetails */ = {
			isa = PBXGroup;
			children = (
				E9BB3773276B6EA0001CA59A /* EventDetailsViewController.swift */,
				E9BB3774276B6EA0001CA59A /* EventDetailsViewController.xib */,
			);
			path = EventDetails;
			sourceTree = "<group>";
		};
/* End PBXGroup section */

/* Begin PBXNativeTarget section */
		E9BB3718276B3AD1001CA59A /* TrainingApp */ = {
			isa = PBXNativeTarget;
			buildConfigurationList = E9BB372D276B3AD6001CA59A /* Build configuration list for PBXNativeTarget "TrainingApp" */;
			buildPhases = (
				D902E8ED722B65BADE414A01 /* [CP] Check Pods Manifest.lock */,
				E9BB3715276B3AD1001CA59A /* Sources */,
				E9BB3716276B3AD1001CA59A /* Frameworks */,
				E9BB3717276B3AD1001CA59A /* Resources */,
				D4D15D52651DCF6CDE1B44AA /* [CP] Embed Pods Frameworks */,
			);
			buildRules = (
			);
			dependencies = (
			);
			name = TrainingApp;
			productName = TrainingApp;
			productReference = E9BB3719276B3AD1001CA59A /* TrainingApp.app */;
			productType = "com.apple.product-type.application";
		};
/* End PBXNativeTarget section */

/* Begin PBXProject section */
		E9BB3711276B3AD1001CA59A /* Project object */ = {
			isa = PBXProject;
			attributes = {
				BuildIndependentTargetsInParallel = 1;
				LastSwiftUpdateCheck = 1310;
				LastUpgradeCheck = 1310;
				TargetAttributes = {
					E9BB3718276B3AD1001CA59A = {
						CreatedOnToolsVersion = 13.1;
					};
				};
			};
			buildConfigurationList = E9BB3714276B3AD1001CA59A /* Build configuration list for PBXProject "TrainingApp" */;
			compatibilityVersion = "Xcode 13.0";
			developmentRegion = en;
			hasScannedForEncodings = 0;
			knownRegions = (
				en,
				Base,
			);
			mainGroup = E9BB3710276B3AD1001CA59A;
			productRefGroup = E9BB371A276B3AD1001CA59A /* Products */;
			projectDirPath = "";
			projectRoot = "";
			targets = (
				E9BB3718276B3AD1001CA59A /* TrainingApp */,
			);
		};
/* End PBXProject section */

/* Begin PBXResourcesBuildPhase section */
		E9BB3717276B3AD1001CA59A /* Resources */ = {
			isa = PBXResourcesBuildPhase;
			buildActionMask = 2147483647;
			files = (
				E9BB3771276B6E76001CA59A /* CharityEventViewController.xib in Resources */,
				E9BB3760276B6AAC001CA59A /* events.json in Resources */,
				E9BB375F276B6AAC001CA59A /* categories.json in Resources */,
				E9BB3735276B5023001CA59A /* LaunchScreen.storyboard in Resources */,
				E9BB374B276B557A001CA59A /* Officinasansextraboldscc.otf in Resources */,
				E9BB3726276B3AD6001CA59A /* Assets.xcassets in Resources */,
				E9BB3741276B54A0001CA59A /* CategoriesViewController.xib in Resources */,
				E9BB373C276B5451001CA59A /* Main.storyboard in Resources */,
				E9BB3776276B6EA0001CA59A /* EventDetailsViewController.xib in Resources */,
				E9BB3758276B5697001CA59A /* CategoriesCell.xib in Resources */,
			);
			runOnlyForDeploymentPostprocessing = 0;
		};
/* End PBXResourcesBuildPhase section */

/* Begin PBXShellScriptBuildPhase section */
		D4D15D52651DCF6CDE1B44AA /* [CP] Embed Pods Frameworks */ = {
			isa = PBXShellScriptBuildPhase;
			buildActionMask = 2147483647;
			files = (
			);
			inputFileListPaths = (
				"${PODS_ROOT}/Target Support Files/Pods-TrainingApp/Pods-TrainingApp-frameworks-${CONFIGURATION}-input-files.xcfilelist",
			);
			name = "[CP] Embed Pods Frameworks";
			outputFileListPaths = (
				"${PODS_ROOT}/Target Support Files/Pods-TrainingApp/Pods-TrainingApp-frameworks-${CONFIGURATION}-output-files.xcfilelist",
			);
			runOnlyForDeploymentPostprocessing = 0;
			shellPath = /bin/sh;
			shellScript = "\"${PODS_ROOT}/Target Support Files/Pods-TrainingApp/Pods-TrainingApp-frameworks.sh\"\n";
			showEnvVarsInLog = 0;
		};
		D902E8ED722B65BADE414A01 /* [CP] Check Pods Manifest.lock */ = {
			isa = PBXShellScriptBuildPhase;
			buildActionMask = 2147483647;
			files = (
			);
			inputFileListPaths = (
			);
			inputPaths = (
				"${PODS_PODFILE_DIR_PATH}/Podfile.lock",
				"${PODS_ROOT}/Manifest.lock",
			);
			name = "[CP] Check Pods Manifest.lock";
			outputFileListPaths = (
			);
			outputPaths = (
				"$(DERIVED_FILE_DIR)/Pods-TrainingApp-checkManifestLockResult.txt",
			);
			runOnlyForDeploymentPostprocessing = 0;
			shellPath = /bin/sh;
			shellScript = "diff \"${PODS_PODFILE_DIR_PATH}/Podfile.lock\" \"${PODS_ROOT}/Manifest.lock\" > /dev/null\nif [ $? != 0 ] ; then\n    # print error to STDERR\n    echo \"error: The sandbox is not in sync with the Podfile.lock. Run 'pod install' or update your CocoaPods installation.\" >&2\n    exit 1\nfi\n# This output is used by Xcode 'outputs' to avoid re-running this script phase.\necho \"SUCCESS\" > \"${SCRIPT_OUTPUT_FILE_0}\"\n";
			showEnvVarsInLog = 0;
		};
/* End PBXShellScriptBuildPhase section */

/* Begin PBXSourcesBuildPhase section */
		E9BB3715276B3AD1001CA59A /* Sources */ = {
			isa = PBXSourcesBuildPhase;
			buildActionMask = 2147483647;
			files = (
				E9BB3752276B5632001CA59A /* TabBar.swift in Sources */,
				E9BB374D276B5590001CA59A /* Images.swift in Sources */,
				E9BB3744276B551B001CA59A /* TestViewController.swift in Sources */,
				E9BB376C276B6D99001CA59A /* ReadJSONFromFile.swift in Sources */,
				E9BB3775276B6EA0001CA59A /* EventDetailsViewController.swift in Sources */,
				E9BB374F276B5598001CA59A /* CustomColors.swift in Sources */,
				E9BB373B276B5451001CA59A /* TabBarController.swift in Sources */,
				E9BB3757276B5697001CA59A /* CategoriesCell.swift in Sources */,
				E9BB371D276B3AD1001CA59A /* AppDelegate.swift in Sources */,
				E9BB3765276B6C38001CA59A /* CategoriesData.swift in Sources */,
				E9BB3764276B6C38001CA59A /* EventsData.swift in Sources */,
				E9BB374A276B557A001CA59A /* CustomFonts.swift in Sources */,
				E9BB3770276B6E76001CA59A /* CharityEventViewController.swift in Sources */,
				E9BB3740276B54A0001CA59A /* CategoriesViewController.swift in Sources */,
				E9BB376B276B6D99001CA59A /* DataFromFile.swift in Sources */,
				E9BB371F276B3AD1001CA59A /* SceneDelegate.swift in Sources */,
			);
			runOnlyForDeploymentPostprocessing = 0;
		};
/* End PBXSourcesBuildPhase section */

/* Begin XCBuildConfiguration section */
		E9BB372B276B3AD6001CA59A /* Debug */ = {
			isa = XCBuildConfiguration;
			buildSettings = {
				ALWAYS_SEARCH_USER_PATHS = NO;
				CLANG_ANALYZER_NONNULL = YES;
				CLANG_ANALYZER_NUMBER_OBJECT_CONVERSION = YES_AGGRESSIVE;
				CLANG_CXX_LANGUAGE_STANDARD = "gnu++17";
				CLANG_CXX_LIBRARY = "libc++";
				CLANG_ENABLE_MODULES = YES;
				CLANG_ENABLE_OBJC_ARC = YES;
				CLANG_ENABLE_OBJC_WEAK = YES;
				CLANG_WARN_BLOCK_CAPTURE_AUTORELEASING = YES;
				CLANG_WARN_BOOL_CONVERSION = YES;
				CLANG_WARN_COMMA = YES;
				CLANG_WARN_CONSTANT_CONVERSION = YES;
				CLANG_WARN_DEPRECATED_OBJC_IMPLEMENTATIONS = YES;
				CLANG_WARN_DIRECT_OBJC_ISA_USAGE = YES_ERROR;
				CLANG_WARN_DOCUMENTATION_COMMENTS = YES;
				CLANG_WARN_EMPTY_BODY = YES;
				CLANG_WARN_ENUM_CONVERSION = YES;
				CLANG_WARN_INFINITE_RECURSION = YES;
				CLANG_WARN_INT_CONVERSION = YES;
				CLANG_WARN_NON_LITERAL_NULL_CONVERSION = YES;
				CLANG_WARN_OBJC_IMPLICIT_RETAIN_SELF = YES;
				CLANG_WARN_OBJC_LITERAL_CONVERSION = YES;
				CLANG_WARN_OBJC_ROOT_CLASS = YES_ERROR;
				CLANG_WARN_QUOTED_INCLUDE_IN_FRAMEWORK_HEADER = YES;
				CLANG_WARN_RANGE_LOOP_ANALYSIS = YES;
				CLANG_WARN_STRICT_PROTOTYPES = YES;
				CLANG_WARN_SUSPICIOUS_MOVE = YES;
				CLANG_WARN_UNGUARDED_AVAILABILITY = YES_AGGRESSIVE;
				CLANG_WARN_UNREACHABLE_CODE = YES;
				CLANG_WARN__DUPLICATE_METHOD_MATCH = YES;
				COPY_PHASE_STRIP = NO;
				DEBUG_INFORMATION_FORMAT = dwarf;
				ENABLE_STRICT_OBJC_MSGSEND = YES;
				ENABLE_TESTABILITY = YES;
				GCC_C_LANGUAGE_STANDARD = gnu11;
				GCC_DYNAMIC_NO_PIC = NO;
				GCC_NO_COMMON_BLOCKS = YES;
				GCC_OPTIMIZATION_LEVEL = 0;
				GCC_PREPROCESSOR_DEFINITIONS = (
					"DEBUG=1",
					"$(inherited)",
				);
				GCC_WARN_64_TO_32_BIT_CONVERSION = YES;
				GCC_WARN_ABOUT_RETURN_TYPE = YES_ERROR;
				GCC_WARN_UNDECLARED_SELECTOR = YES;
				GCC_WARN_UNINITIALIZED_AUTOS = YES_AGGRESSIVE;
				GCC_WARN_UNUSED_FUNCTION = YES;
				GCC_WARN_UNUSED_VARIABLE = YES;
				IPHONEOS_DEPLOYMENT_TARGET = 15.0;
				MTL_ENABLE_DEBUG_INFO = INCLUDE_SOURCE;
				MTL_FAST_MATH = YES;
				ONLY_ACTIVE_ARCH = YES;
				SDKROOT = iphoneos;
				SWIFT_ACTIVE_COMPILATION_CONDITIONS = DEBUG;
				SWIFT_OPTIMIZATION_LEVEL = "-Onone";
			};
			name = Debug;
		};
		E9BB372C276B3AD6001CA59A /* Release */ = {
			isa = XCBuildConfiguration;
			buildSettings = {
				ALWAYS_SEARCH_USER_PATHS = NO;
				CLANG_ANALYZER_NONNULL = YES;
				CLANG_ANALYZER_NUMBER_OBJECT_CONVERSION = YES_AGGRESSIVE;
				CLANG_CXX_LANGUAGE_STANDARD = "gnu++17";
				CLANG_CXX_LIBRARY = "libc++";
				CLANG_ENABLE_MODULES = YES;
				CLANG_ENABLE_OBJC_ARC = YES;
				CLANG_ENABLE_OBJC_WEAK = YES;
				CLANG_WARN_BLOCK_CAPTURE_AUTORELEASING = YES;
				CLANG_WARN_BOOL_CONVERSION = YES;
				CLANG_WARN_COMMA = YES;
				CLANG_WARN_CONSTANT_CONVERSION = YES;
				CLANG_WARN_DEPRECATED_OBJC_IMPLEMENTATIONS = YES;
				CLANG_WARN_DIRECT_OBJC_ISA_USAGE = YES_ERROR;
				CLANG_WARN_DOCUMENTATION_COMMENTS = YES;
				CLANG_WARN_EMPTY_BODY = YES;
				CLANG_WARN_ENUM_CONVERSION = YES;
				CLANG_WARN_INFINITE_RECURSION = YES;
				CLANG_WARN_INT_CONVERSION = YES;
				CLANG_WARN_NON_LITERAL_NULL_CONVERSION = YES;
				CLANG_WARN_OBJC_IMPLICIT_RETAIN_SELF = YES;
				CLANG_WARN_OBJC_LITERAL_CONVERSION = YES;
				CLANG_WARN_OBJC_ROOT_CLASS = YES_ERROR;
				CLANG_WARN_QUOTED_INCLUDE_IN_FRAMEWORK_HEADER = YES;
				CLANG_WARN_RANGE_LOOP_ANALYSIS = YES;
				CLANG_WARN_STRICT_PROTOTYPES = YES;
				CLANG_WARN_SUSPICIOUS_MOVE = YES;
				CLANG_WARN_UNGUARDED_AVAILABILITY = YES_AGGRESSIVE;
				CLANG_WARN_UNREACHABLE_CODE = YES;
				CLANG_WARN__DUPLICATE_METHOD_MATCH = YES;
				COPY_PHASE_STRIP = NO;
				DEBUG_INFORMATION_FORMAT = "dwarf-with-dsym";
				ENABLE_NS_ASSERTIONS = NO;
				ENABLE_STRICT_OBJC_MSGSEND = YES;
				GCC_C_LANGUAGE_STANDARD = gnu11;
				GCC_NO_COMMON_BLOCKS = YES;
				GCC_WARN_64_TO_32_BIT_CONVERSION = YES;
				GCC_WARN_ABOUT_RETURN_TYPE = YES_ERROR;
				GCC_WARN_UNDECLARED_SELECTOR = YES;
				GCC_WARN_UNINITIALIZED_AUTOS = YES_AGGRESSIVE;
				GCC_WARN_UNUSED_FUNCTION = YES;
				GCC_WARN_UNUSED_VARIABLE = YES;
				IPHONEOS_DEPLOYMENT_TARGET = 15.0;
				MTL_ENABLE_DEBUG_INFO = NO;
				MTL_FAST_MATH = YES;
				SDKROOT = iphoneos;
				SWIFT_COMPILATION_MODE = wholemodule;
				SWIFT_OPTIMIZATION_LEVEL = "-O";
				VALIDATE_PRODUCT = YES;
			};
			name = Release;
		};
		E9BB372E276B3AD6001CA59A /* Debug */ = {
			isa = XCBuildConfiguration;
			baseConfigurationReference = 9E4B825E94B75E893168786C /* Pods-TrainingApp.debug.xcconfig */;
			buildSettings = {
				ASSETCATALOG_COMPILER_APPICON_NAME = AppIcon;
				ASSETCATALOG_COMPILER_GLOBAL_ACCENT_COLOR_NAME = AccentColor;
				CODE_SIGN_STYLE = Automatic;
				CURRENT_PROJECT_VERSION = 1;
				DEVELOPMENT_TEAM = K846A9FWCG;
				GENERATE_INFOPLIST_FILE = YES;
				INFOPLIST_FILE = TrainingApp/Application/Info.plist;
				INFOPLIST_KEY_CFBundleDisplayName = "Хочу помочь";
				INFOPLIST_KEY_UIApplicationSupportsIndirectInputEvents = YES;
				INFOPLIST_KEY_UILaunchStoryboardName = LaunchScreen;
				INFOPLIST_KEY_UIMainStoryboardFile = Main;
				INFOPLIST_KEY_UISupportedInterfaceOrientations_iPad = "UIInterfaceOrientationPortrait UIInterfaceOrientationPortraitUpsideDown UIInterfaceOrientationLandscapeLeft UIInterfaceOrientationLandscapeRight";
				INFOPLIST_KEY_UISupportedInterfaceOrientations_iPhone = "UIInterfaceOrientationPortrait UIInterfaceOrientationLandscapeLeft UIInterfaceOrientationLandscapeRight";
				IPHONEOS_DEPLOYMENT_TARGET = 14.0;
				LD_RUNPATH_SEARCH_PATHS = (
					"$(inherited)",
					"@executable_path/Frameworks",
				);
				MARKETING_VERSION = 1.0;
				PRODUCT_BUNDLE_IDENTIFIER = dev.moiseev.TrainingApp;
				PRODUCT_NAME = "$(TARGET_NAME)";
				SWIFT_EMIT_LOC_STRINGS = YES;
				SWIFT_VERSION = 5.0;
				TARGETED_DEVICE_FAMILY = 1;
			};
			name = Debug;
		};
		E9BB372F276B3AD6001CA59A /* Release */ = {
			isa = XCBuildConfiguration;
			baseConfigurationReference = 7CBBE7C3D85099E00FC20ECC /* Pods-TrainingApp.release.xcconfig */;
			buildSettings = {
				ASSETCATALOG_COMPILER_APPICON_NAME = AppIcon;
				ASSETCATALOG_COMPILER_GLOBAL_ACCENT_COLOR_NAME = AccentColor;
				CODE_SIGN_STYLE = Automatic;
				CURRENT_PROJECT_VERSION = 1;
				DEVELOPMENT_TEAM = K846A9FWCG;
				GENERATE_INFOPLIST_FILE = YES;
				INFOPLIST_FILE = TrainingApp/Application/Info.plist;
				INFOPLIST_KEY_CFBundleDisplayName = "Хочу помочь";
				INFOPLIST_KEY_UIApplicationSupportsIndirectInputEvents = YES;
				INFOPLIST_KEY_UILaunchStoryboardName = LaunchScreen;
				INFOPLIST_KEY_UIMainStoryboardFile = Main;
				INFOPLIST_KEY_UISupportedInterfaceOrientations_iPad = "UIInterfaceOrientationPortrait UIInterfaceOrientationPortraitUpsideDown UIInterfaceOrientationLandscapeLeft UIInterfaceOrientationLandscapeRight";
				INFOPLIST_KEY_UISupportedInterfaceOrientations_iPhone = "UIInterfaceOrientationPortrait UIInterfaceOrientationLandscapeLeft UIInterfaceOrientationLandscapeRight";
				IPHONEOS_DEPLOYMENT_TARGET = 14.0;
				LD_RUNPATH_SEARCH_PATHS = (
					"$(inherited)",
					"@executable_path/Frameworks",
				);
				MARKETING_VERSION = 1.0;
				PRODUCT_BUNDLE_IDENTIFIER = dev.moiseev.TrainingApp;
				PRODUCT_NAME = "$(TARGET_NAME)";
				SWIFT_EMIT_LOC_STRINGS = YES;
				SWIFT_VERSION = 5.0;
				TARGETED_DEVICE_FAMILY = 1;
			};
			name = Release;
		};
/* End XCBuildConfiguration section */

/* Begin XCConfigurationList section */
		E9BB3714276B3AD1001CA59A /* Build configuration list for PBXProject "TrainingApp" */ = {
			isa = XCConfigurationList;
			buildConfigurations = (
				E9BB372B276B3AD6001CA59A /* Debug */,
				E9BB372C276B3AD6001CA59A /* Release */,
			);
			defaultConfigurationIsVisible = 0;
			defaultConfigurationName = Release;
		};
		E9BB372D276B3AD6001CA59A /* Build configuration list for PBXNativeTarget "TrainingApp" */ = {
			isa = XCConfigurationList;
			buildConfigurations = (
				E9BB372E276B3AD6001CA59A /* Debug */,
				E9BB372F276B3AD6001CA59A /* Release */,
			);
			defaultConfigurationIsVisible = 0;
			defaultConfigurationName = Release;
		};
/* End XCConfigurationList section */
	};
	rootObject = E9BB3711276B3AD1001CA59A /* Project object */;
}
